{
  "name": "sub-bridge-cli",
  "version": "0.1.7",
  "lockfileVersion": 3,
  "requires": true,
  "packages": {
    "": {
      "name": "sub-bridge-cli",
      "version": "0.1.7",
      "bin": {
        "sub-bridge": "bin/sub-bridge"
      },
      "engines": {
        "node": ">=20"
      }
    }
  }
}
